{
  "lockfileVersion": 1,
  "workspaces": {
    "": {
      "name": "traveler-info-symbols",
      "devDependencies": {
        "svgo": "^3.0.2",
        "typescript": "^4.9.3",
      },
    },
  },
  "packages": {
    "@trysound/sax": ["@trysound/sax@0.2.0", "", {}, ""],

    "boolbase": ["boolbase@1.0.0", "", {}, ""],

    "commander": ["commander@7.2.0", "", {}, ""],

    "css-select": ["css-select@5.1.0", "", { "dependencies": { "boolbase": "^1.0.0", "css-what": "^6.1.0", "domhandler": "^5.0.2", "domutils": "^3.0.1", "nth-check": "^2.0.1" } }, ""],

    "css-tree": ["css-tree@2.3.0", "", { "dependencies": { "mdn-data": "2.0.30", "source-map-js": "^1.0.1" } }, ""],

    "css-what": ["css-what@6.1.0", "", {}, ""],

    "csso": ["csso@5.0.5", "", { "dependencies": { "css-tree": "~2.2.0" } }, ""],

    "dom-serializer": ["dom-serializer@2.0.0", "", { "dependencies": { "domelementtype": "^2.3.0", "domhandler": "^5.0.2", "entities": "^4.2.0" } }, ""],

    "domelementtype": ["domelementtype@2.3.0", "", {}, ""],

    "domhandler": ["domhandler@5.0.3", "", { "dependencies": { "domelementtype": "^2.3.0" } }, ""],

    "domutils": ["domutils@3.0.1", "", { "dependencies": { "dom-serializer": "^2.0.0", "domelementtype": "^2.3.0", "domhandler": "^5.0.1" } }, ""],

    "entities": ["entities@4.4.0", "", {}, ""],

    "mdn-data": ["mdn-data@2.0.30", "", {}, ""],

    "nth-check": ["nth-check@2.1.1", "", { "dependencies": { "boolbase": "^1.0.0" } }, ""],

    "picocolors": ["picocolors@1.0.0", "", {}, ""],

    "source-map-js": ["source-map-js@1.0.2", "", {}, ""],

    "svgo": ["svgo@3.0.2", "", { "dependencies": { "@trysound/sax": "0.2.0", "commander": "^7.2.0", "css-select": "^5.1.0", "css-tree": "^2.2.1", "csso": "^5.0.5", "picocolors": "^1.0.0" }, "bin": "bin/svgo" }, ""],

    "typescript": ["typescript@4.9.3", "", { "bin": { "tsc": "bin/tsc", "tsserver": "bin/tsserver" } }, ""],

    "csso/css-tree": ["css-tree@2.2.1", "", { "dependencies": { "mdn-data": "2.0.28", "source-map-js": "^1.0.1" } }, ""],

    "csso/css-tree/mdn-data": ["mdn-data@2.0.28", "", {}, ""],
  }
}
