{
  "lockfileVersion": 1,
  "workspaces": {
    "": {
      "name": "traveler-info-symbols",
      "devDependencies": {
        "@types/node": "^18.11.17",
        "esbuild": "^0.16.1",
        "eslint": "^8.29.0",
        "prettier": "^2.8.1",
        "svgo": "^3.0.2",
        "ts-node": "^10.9.1",
        "typescript": "^4.9.3",
      },
    },
  },
  "packages": {
    "@cspotcode/source-map-support": ["@cspotcode/source-map-support@0.8.1", "", { "dependencies": { "@jridgewell/trace-mapping": "0.3.9" } }, ""],

    "@esbuild/win32-x64": ["@esbuild/win32-x64@0.16.1", "", { "os": "win32", "cpu": "x64" }, ""],

    "@eslint/eslintrc": ["@eslint/eslintrc@1.3.3", "", { "dependencies": { "ajv": "^6.12.4", "debug": "^4.3.2", "espree": "^9.4.0", "globals": "^13.15.0", "ignore": "^5.2.0", "import-fresh": "^3.2.1", "js-yaml": "^4.1.0", "minimatch": "^3.1.2", "strip-json-comments": "^3.1.1" } }, ""],

    "@humanwhocodes/config-array": ["@humanwhocodes/config-array@0.11.7", "", { "dependencies": { "@humanwhocodes/object-schema": "^1.2.1", "debug": "^4.1.1", "minimatch": "^3.0.5" } }, ""],

    "@humanwhocodes/module-importer": ["@humanwhocodes/module-importer@1.0.1", "", {}, ""],

    "@humanwhocodes/object-schema": ["@humanwhocodes/object-schema@1.2.1", "", {}, ""],

    "@jridgewell/resolve-uri": ["@jridgewell/resolve-uri@3.1.0", "", {}, ""],

    "@jridgewell/sourcemap-codec": ["@jridgewell/sourcemap-codec@1.4.14", "", {}, ""],

    "@jridgewell/trace-mapping": ["@jridgewell/trace-mapping@0.3.9", "", { "dependencies": { "@jridgewell/resolve-uri": "^3.0.3", "@jridgewell/sourcemap-codec": "^1.4.10" } }, ""],

    "@nodelib/fs.scandir": ["@nodelib/fs.scandir@2.1.5", "", { "dependencies": { "@nodelib/fs.stat": "2.0.5", "run-parallel": "^1.1.9" } }, ""],

    "@nodelib/fs.stat": ["@nodelib/fs.stat@2.0.5", "", {}, ""],

    "@nodelib/fs.walk": ["@nodelib/fs.walk@1.2.8", "", { "dependencies": { "@nodelib/fs.scandir": "2.1.5", "fastq": "^1.6.0" } }, ""],

    "@trysound/sax": ["@trysound/sax@0.2.0", "", {}, ""],

    "@tsconfig/node10": ["@tsconfig/node10@1.0.9", "", {}, ""],

    "@tsconfig/node12": ["@tsconfig/node12@1.0.11", "", {}, ""],

    "@tsconfig/node14": ["@tsconfig/node14@1.0.3", "", {}, ""],

    "@tsconfig/node16": ["@tsconfig/node16@1.0.3", "", {}, ""],

    "@types/node": ["@types/node@18.11.17", "", {}, ""],

    "acorn": ["acorn@8.8.1", "", { "bin": "bin/acorn" }, ""],

    "acorn-jsx": ["acorn-jsx@5.3.2", "", { "peerDependencies": { "acorn": "^6.0.0 || ^7.0.0 || ^8.0.0" } }, ""],

    "acorn-walk": ["acorn-walk@8.2.0", "", {}, ""],

    "ajv": ["ajv@6.12.6", "", { "dependencies": { "fast-deep-equal": "^3.1.1", "fast-json-stable-stringify": "^2.0.0", "json-schema-traverse": "^0.4.1", "uri-js": "^4.2.2" } }, ""],

    "ansi-regex": ["ansi-regex@5.0.1", "", {}, ""],

    "ansi-styles": ["ansi-styles@4.3.0", "", { "dependencies": { "color-convert": "^2.0.1" } }, ""],

    "arg": ["arg@4.1.3", "", {}, ""],

    "argparse": ["argparse@2.0.1", "", {}, ""],

    "balanced-match": ["balanced-match@1.0.2", "", {}, ""],

    "boolbase": ["boolbase@1.0.0", "", {}, ""],

    "brace-expansion": ["brace-expansion@1.1.11", "", { "dependencies": { "balanced-match": "^1.0.0", "concat-map": "0.0.1" } }, ""],

    "callsites": ["callsites@3.1.0", "", {}, ""],

    "chalk": ["chalk@4.1.2", "", { "dependencies": { "ansi-styles": "^4.1.0", "supports-color": "^7.1.0" } }, ""],

    "color-convert": ["color-convert@2.0.1", "", { "dependencies": { "color-name": "~1.1.4" } }, ""],

    "color-name": ["color-name@1.1.4", "", {}, ""],

    "commander": ["commander@7.2.0", "", {}, ""],

    "concat-map": ["concat-map@0.0.1", "", {}, ""],

    "create-require": ["create-require@1.1.1", "", {}, ""],

    "cross-spawn": ["cross-spawn@7.0.3", "", { "dependencies": { "path-key": "^3.1.0", "shebang-command": "^2.0.0", "which": "^2.0.1" } }, ""],

    "css-select": ["css-select@5.1.0", "", { "dependencies": { "boolbase": "^1.0.0", "css-what": "^6.1.0", "domhandler": "^5.0.2", "domutils": "^3.0.1", "nth-check": "^2.0.1" } }, ""],

    "css-tree": ["css-tree@2.3.0", "", { "dependencies": { "mdn-data": "2.0.30", "source-map-js": "^1.0.1" } }, ""],

    "css-what": ["css-what@6.1.0", "", {}, ""],

    "csso": ["csso@5.0.5", "", { "dependencies": { "css-tree": "~2.2.0" } }, ""],

    "debug": ["debug@4.3.4", "", { "dependencies": { "ms": "2.1.2" } }, ""],

    "deep-is": ["deep-is@0.1.4", "", {}, ""],

    "diff": ["diff@4.0.2", "", {}, ""],

    "doctrine": ["doctrine@3.0.0", "", { "dependencies": { "esutils": "^2.0.2" } }, ""],

    "dom-serializer": ["dom-serializer@2.0.0", "", { "dependencies": { "domelementtype": "^2.3.0", "domhandler": "^5.0.2", "entities": "^4.2.0" } }, ""],

    "domelementtype": ["domelementtype@2.3.0", "", {}, ""],

    "domhandler": ["domhandler@5.0.3", "", { "dependencies": { "domelementtype": "^2.3.0" } }, ""],

    "domutils": ["domutils@3.0.1", "", { "dependencies": { "dom-serializer": "^2.0.0", "domelementtype": "^2.3.0", "domhandler": "^5.0.1" } }, ""],

    "entities": ["entities@4.4.0", "", {}, ""],

    "esbuild": ["esbuild@0.16.1", "", { "optionalDependencies": { "@esbuild/win32-x64": "0.16.1" }, "bin": "bin/esbuild" }, ""],

    "escape-string-regexp": ["escape-string-regexp@4.0.0", "", {}, ""],

    "eslint": ["eslint@8.29.0", "", { "dependencies": { "@eslint/eslintrc": "^1.3.3", "@humanwhocodes/config-array": "^0.11.6", "@humanwhocodes/module-importer": "^1.0.1", "@nodelib/fs.walk": "^1.2.8", "ajv": "^6.10.0", "chalk": "^4.0.0", "cross-spawn": "^7.0.2", "debug": "^4.3.2", "doctrine": "^3.0.0", "escape-string-regexp": "^4.0.0", "eslint-scope": "^7.1.1", "eslint-utils": "^3.0.0", "eslint-visitor-keys": "^3.3.0", "espree": "^9.4.0", "esquery": "^1.4.0", "esutils": "^2.0.2", "fast-deep-equal": "^3.1.3", "file-entry-cache": "^6.0.1", "find-up": "^5.0.0", "glob-parent": "^6.0.2", "globals": "^13.15.0", "grapheme-splitter": "^1.0.4", "ignore": "^5.2.0", "import-fresh": "^3.0.0", "imurmurhash": "^0.1.4", "is-glob": "^4.0.0", "is-path-inside": "^3.0.3", "js-sdsl": "^4.1.4", "js-yaml": "^4.1.0", "json-stable-stringify-without-jsonify": "^1.0.1", "levn": "^0.4.1", "lodash.merge": "^4.6.2", "minimatch": "^3.1.2", "natural-compare": "^1.4.0", "optionator": "^0.9.1", "regexpp": "^3.2.0", "strip-ansi": "^6.0.1", "strip-json-comments": "^3.1.0", "text-table": "^0.2.0" }, "bin": "bin/eslint.js" }, ""],

    "eslint-scope": ["eslint-scope@7.1.1", "", { "dependencies": { "esrecurse": "^4.3.0", "estraverse": "^5.2.0" } }, ""],

    "eslint-utils": ["eslint-utils@3.0.0", "", { "dependencies": { "eslint-visitor-keys": "^2.0.0" }, "peerDependencies": { "eslint": ">=5" } }, ""],

    "eslint-visitor-keys": ["eslint-visitor-keys@3.3.0", "", {}, ""],

    "espree": ["espree@9.4.1", "", { "dependencies": { "acorn": "^8.8.0", "acorn-jsx": "^5.3.2", "eslint-visitor-keys": "^3.3.0" } }, ""],

    "esquery": ["esquery@1.4.0", "", { "dependencies": { "estraverse": "^5.1.0" } }, ""],

    "esrecurse": ["esrecurse@4.3.0", "", { "dependencies": { "estraverse": "^5.2.0" } }, ""],

    "estraverse": ["estraverse@5.3.0", "", {}, ""],

    "esutils": ["esutils@2.0.3", "", {}, ""],

    "fast-deep-equal": ["fast-deep-equal@3.1.3", "", {}, ""],

    "fast-json-stable-stringify": ["fast-json-stable-stringify@2.1.0", "", {}, ""],

    "fast-levenshtein": ["fast-levenshtein@2.0.6", "", {}, ""],

    "fastq": ["fastq@1.14.0", "", { "dependencies": { "reusify": "^1.0.4" } }, ""],

    "file-entry-cache": ["file-entry-cache@6.0.1", "", { "dependencies": { "flat-cache": "^3.0.4" } }, ""],

    "find-up": ["find-up@5.0.0", "", { "dependencies": { "locate-path": "^6.0.0", "path-exists": "^4.0.0" } }, ""],

    "flat-cache": ["flat-cache@3.0.4", "", { "dependencies": { "flatted": "^3.1.0", "rimraf": "^3.0.2" } }, ""],

    "flatted": ["flatted@3.2.7", "", {}, ""],

    "fs.realpath": ["fs.realpath@1.0.0", "", {}, ""],

    "glob": ["glob@7.2.3", "", { "dependencies": { "fs.realpath": "^1.0.0", "inflight": "^1.0.4", "inherits": "2", "minimatch": "^3.1.1", "once": "^1.3.0", "path-is-absolute": "^1.0.0" } }, ""],

    "glob-parent": ["glob-parent@6.0.2", "", { "dependencies": { "is-glob": "^4.0.3" } }, ""],

    "globals": ["globals@13.18.0", "", { "dependencies": { "type-fest": "^0.20.2" } }, ""],

    "grapheme-splitter": ["grapheme-splitter@1.0.4", "", {}, ""],

    "has-flag": ["has-flag@4.0.0", "", {}, ""],

    "ignore": ["ignore@5.2.1", "", {}, ""],

    "import-fresh": ["import-fresh@3.3.0", "", { "dependencies": { "parent-module": "^1.0.0", "resolve-from": "^4.0.0" } }, ""],

    "imurmurhash": ["imurmurhash@0.1.4", "", {}, ""],

    "inflight": ["inflight@1.0.6", "", { "dependencies": { "once": "^1.3.0", "wrappy": "1" } }, ""],

    "inherits": ["inherits@2.0.4", "", {}, ""],

    "is-extglob": ["is-extglob@2.1.1", "", {}, ""],

    "is-glob": ["is-glob@4.0.3", "", { "dependencies": { "is-extglob": "^2.1.1" } }, ""],

    "is-path-inside": ["is-path-inside@3.0.3", "", {}, ""],

    "isexe": ["isexe@2.0.0", "", {}, ""],

    "js-sdsl": ["js-sdsl@4.2.0", "", {}, ""],

    "js-yaml": ["js-yaml@4.1.0", "", { "dependencies": { "argparse": "^2.0.1" }, "bin": "bin/js-yaml.js" }, ""],

    "json-schema-traverse": ["json-schema-traverse@0.4.1", "", {}, ""],

    "json-stable-stringify-without-jsonify": ["json-stable-stringify-without-jsonify@1.0.1", "", {}, ""],

    "levn": ["levn@0.4.1", "", { "dependencies": { "prelude-ls": "^1.2.1", "type-check": "~0.4.0" } }, ""],

    "locate-path": ["locate-path@6.0.0", "", { "dependencies": { "p-locate": "^5.0.0" } }, ""],

    "lodash.merge": ["lodash.merge@4.6.2", "", {}, ""],

    "make-error": ["make-error@1.3.6", "", {}, ""],

    "mdn-data": ["mdn-data@2.0.30", "", {}, ""],

    "minimatch": ["minimatch@3.1.2", "", { "dependencies": { "brace-expansion": "^1.1.7" } }, ""],

    "ms": ["ms@2.1.2", "", {}, ""],

    "natural-compare": ["natural-compare@1.4.0", "", {}, ""],

    "nth-check": ["nth-check@2.1.1", "", { "dependencies": { "boolbase": "^1.0.0" } }, ""],

    "once": ["once@1.4.0", "", { "dependencies": { "wrappy": "1" } }, ""],

    "optionator": ["optionator@0.9.1", "", { "dependencies": { "deep-is": "^0.1.3", "fast-levenshtein": "^2.0.6", "levn": "^0.4.1", "prelude-ls": "^1.2.1", "type-check": "^0.4.0", "word-wrap": "^1.2.3" } }, ""],

    "p-limit": ["p-limit@3.1.0", "", { "dependencies": { "yocto-queue": "^0.1.0" } }, ""],

    "p-locate": ["p-locate@5.0.0", "", { "dependencies": { "p-limit": "^3.0.2" } }, ""],

    "parent-module": ["parent-module@1.0.1", "", { "dependencies": { "callsites": "^3.0.0" } }, ""],

    "path-exists": ["path-exists@4.0.0", "", {}, ""],

    "path-is-absolute": ["path-is-absolute@1.0.1", "", {}, ""],

    "path-key": ["path-key@3.1.1", "", {}, ""],

    "picocolors": ["picocolors@1.0.0", "", {}, ""],

    "prelude-ls": ["prelude-ls@1.2.1", "", {}, ""],

    "prettier": ["prettier@2.8.1", "", { "bin": "bin-prettier.js" }, ""],

    "punycode": ["punycode@2.1.1", "", {}, ""],

    "queue-microtask": ["queue-microtask@1.2.3", "", {}, ""],

    "regexpp": ["regexpp@3.2.0", "", {}, ""],

    "resolve-from": ["resolve-from@4.0.0", "", {}, ""],

    "reusify": ["reusify@1.0.4", "", {}, ""],

    "rimraf": ["rimraf@3.0.2", "", { "dependencies": { "glob": "^7.1.3" }, "bin": "bin.js" }, ""],

    "run-parallel": ["run-parallel@1.2.0", "", { "dependencies": { "queue-microtask": "^1.2.2" } }, ""],

    "shebang-command": ["shebang-command@2.0.0", "", { "dependencies": { "shebang-regex": "^3.0.0" } }, ""],

    "shebang-regex": ["shebang-regex@3.0.0", "", {}, ""],

    "source-map-js": ["source-map-js@1.0.2", "", {}, ""],

    "strip-ansi": ["strip-ansi@6.0.1", "", { "dependencies": { "ansi-regex": "^5.0.1" } }, ""],

    "strip-json-comments": ["strip-json-comments@3.1.1", "", {}, ""],

    "supports-color": ["supports-color@7.2.0", "", { "dependencies": { "has-flag": "^4.0.0" } }, ""],

    "svgo": ["svgo@3.0.2", "", { "dependencies": { "@trysound/sax": "0.2.0", "commander": "^7.2.0", "css-select": "^5.1.0", "css-tree": "^2.2.1", "csso": "^5.0.5", "picocolors": "^1.0.0" }, "bin": "bin/svgo" }, ""],

    "text-table": ["text-table@0.2.0", "", {}, ""],

    "ts-node": ["ts-node@10.9.1", "", { "dependencies": { "@cspotcode/source-map-support": "^0.8.0", "@tsconfig/node10": "^1.0.7", "@tsconfig/node12": "^1.0.7", "@tsconfig/node14": "^1.0.0", "@tsconfig/node16": "^1.0.2", "acorn": "^8.4.1", "acorn-walk": "^8.1.1", "arg": "^4.1.0", "create-require": "^1.1.0", "diff": "^4.0.1", "make-error": "^1.1.1", "v8-compile-cache-lib": "^3.0.1", "yn": "3.1.1" }, "peerDependencies": { "@swc/core": ">=1.2.50", "@swc/wasm": ">=1.2.50", "@types/node": "*", "typescript": ">=2.7" }, "optionalPeers": ["@swc/core", "@swc/wasm"], "bin": { "ts-node": "dist/bin.js", "ts-node-cwd": "dist/bin-cwd.js", "ts-node-esm": "dist/bin-esm.js", "ts-node-script": "dist/bin-script.js", "ts-node-transpile-only": "dist/bin-transpile.js", "ts-script": "dist/bin-script-deprecated.js" } }, ""],

    "type-check": ["type-check@0.4.0", "", { "dependencies": { "prelude-ls": "^1.2.1" } }, ""],

    "type-fest": ["type-fest@0.20.2", "", {}, ""],

    "typescript": ["typescript@4.9.3", "", { "bin": { "tsc": "bin/tsc", "tsserver": "bin/tsserver" } }, ""],

    "uri-js": ["uri-js@4.4.1", "", { "dependencies": { "punycode": "^2.1.0" } }, ""],

    "v8-compile-cache-lib": ["v8-compile-cache-lib@3.0.1", "", {}, ""],

    "which": ["which@2.0.2", "", { "dependencies": { "isexe": "^2.0.0" }, "bin": { "node-which": "bin/node-which" } }, ""],

    "word-wrap": ["word-wrap@1.2.3", "", {}, ""],

    "wrappy": ["wrappy@1.0.2", "", {}, ""],

    "yn": ["yn@3.1.1", "", {}, ""],

    "yocto-queue": ["yocto-queue@0.1.0", "", {}, ""],

    "csso/css-tree": ["css-tree@2.2.1", "", { "dependencies": { "mdn-data": "2.0.28", "source-map-js": "^1.0.1" } }, ""],

    "eslint-utils/eslint-visitor-keys": ["eslint-visitor-keys@2.1.0", "", {}, ""],

    "csso/css-tree/mdn-data": ["mdn-data@2.0.28", "", {}, ""],
  }
}
